
Microsoft Visual Studio Solution File, Format Version 12.00
# Visual Studio 15
VisualStudioVersion = 15.0.28307.1684
MinimumVisualStudioVersion = 10.0.40219.1
Project("{FAE04EC0-301F-11D3-BF4B-00C04F79EFBC}") = "DialogTypes", "DialogTypes\DialogTypes.csproj", "{A921435B-A436-4D60-9828-9B687A47848F}"
EndProject
Project("{FAE04EC0-301F-11D3-BF4B-00C04F79EFBC}") = "WindowEvents", "WindowEvents\WindowEvents.csproj", "{72E5F3EA-F36D-4261-8DDD-DFAAEC4ECEB7}"
EndProject
Project("{FAE04EC0-301F-11D3-BF4B-00C04F79EFBC}") = "WindowPosition", "WindowPosition\WindowPosition.csproj", "{A2F2D88A-0203-43AF-BAAF-5750D87C197A}"
EndProject
Project("{FAE04EC0-301F-11D3-BF4B-00C04F79EFBC}") = "WindowInteracting", "WindowInteracting\WindowInteracting.csproj", "{4A25E839-6566-4818-A64A-1DE3ED7B2937}"
EndProject
Project("{FAE04EC0-301F-11D3-BF4B-00C04F79EFBC}") = "WindowOwnership", "WindowOwnership\WindowOwnership.csproj", "{BBF7E40E-55CC-4EF7-A789-58B210B8594B}"
EndProject
Project("{FAE04EC0-301F-11D3-BF4B-00C04F79EFBC}") = "SaveOpenFileDialogs", "SaveOpenFileDialogs\SaveOpenFileDialogs.csproj", "{AF5BB5DB-E339-4558-B3BB-0AB840BF4FD6}"
EndProject
Project("{FAE04EC0-301F-11D3-BF4B-00C04F79EFBC}") = "WindowInteracting2", "WindowInteracting2\WindowInteracting2.csproj", "{8CD24137-D813-4123-A9F3-78CD405C964C}"
EndProject
Project("{FAE04EC0-301F-11D3-BF4B-00C04F79EFBC}") = "NotRectangularWindow2", "NotRectangularWindow2\NotRectangularWindow2.csproj", "{31365F24-FCEC-4D2E-8DF1-E2DF9A8AE413}"
EndProject
Project("{FAE04EC0-301F-11D3-BF4B-00C04F79EFBC}") = "GlassEffect", "GlassEffect\GlassEffect.csproj", "{8C39AF4C-AB84-427D-9E75-332E114EB480}"
EndProject
Project("{FAE04EC0-301F-11D3-BF4B-00C04F79EFBC}") = "NotRectangularWindow", "NotRectangularWindow\NotRectangularWindow.csproj", "{F25DA2D8-CA92-4408-B124-2E5918D477FF}"
EndProject
Project("{FAE04EC0-301F-11D3-BF4B-00C04F79EFBC}") = "WindowPositionSave", "WindowPositionSave\WindowPositionSave.csproj", "{4058B328-E165-4E1C-A333-AF9806AB6B4D}"
EndProject
Project("{FAE04EC0-301F-11D3-BF4B-00C04F79EFBC}") = "Variant1", "Variant1\Variant1.csproj", "{8CCC1433-D858-4D0B-BF36-58998174A094}"
EndProject
Global
	GlobalSection(SolutionConfigurationPlatforms) = preSolution
		Debug|Any CPU = Debug|Any CPU
		Release|Any CPU = Release|Any CPU
	EndGlobalSection
	GlobalSection(ProjectConfigurationPlatforms) = postSolution
		{A921435B-A436-4D60-9828-9B687A47848F}.Debug|Any CPU.ActiveCfg = Debug|Any CPU
		{A921435B-A436-4D60-9828-9B687A47848F}.Debug|Any CPU.Build.0 = Debug|Any CPU
		{A921435B-A436-4D60-9828-9B687A47848F}.Release|Any CPU.ActiveCfg = Release|Any CPU
		{A921435B-A436-4D60-9828-9B687A47848F}.Release|Any CPU.Build.0 = Release|Any CPU
		{72E5F3EA-F36D-4261-8DDD-DFAAEC4ECEB7}.Debug|Any CPU.ActiveCfg = Debug|Any CPU
		{72E5F3EA-F36D-4261-8DDD-DFAAEC4ECEB7}.Debug|Any CPU.Build.0 = Debug|Any CPU
		{72E5F3EA-F36D-4261-8DDD-DFAAEC4ECEB7}.Release|Any CPU.ActiveCfg = Release|Any CPU
		{72E5F3EA-F36D-4261-8DDD-DFAAEC4ECEB7}.Release|Any CPU.Build.0 = Release|Any CPU
		{A2F2D88A-0203-43AF-BAAF-5750D87C197A}.Debug|Any CPU.ActiveCfg = Debug|Any CPU
		{A2F2D88A-0203-43AF-BAAF-5750D87C197A}.Debug|Any CPU.Build.0 = Debug|Any CPU
		{A2F2D88A-0203-43AF-BAAF-5750D87C197A}.Release|Any CPU.ActiveCfg = Release|Any CPU
		{A2F2D88A-0203-43AF-BAAF-5750D87C197A}.Release|Any CPU.Build.0 = Release|Any CPU
		{4A25E839-6566-4818-A64A-1DE3ED7B2937}.Debug|Any CPU.ActiveCfg = Debug|Any CPU
		{4A25E839-6566-4818-A64A-1DE3ED7B2937}.Debug|Any CPU.Build.0 = Debug|Any CPU
		{4A25E839-6566-4818-A64A-1DE3ED7B2937}.Release|Any CPU.ActiveCfg = Release|Any CPU
		{4A25E839-6566-4818-A64A-1DE3ED7B2937}.Release|Any CPU.Build.0 = Release|Any CPU
		{BBF7E40E-55CC-4EF7-A789-58B210B8594B}.Debug|Any CPU.ActiveCfg = Debug|Any CPU
		{BBF7E40E-55CC-4EF7-A789-58B210B8594B}.Debug|Any CPU.Build.0 = Debug|Any CPU
		{BBF7E40E-55CC-4EF7-A789-58B210B8594B}.Release|Any CPU.ActiveCfg = Release|Any CPU
		{BBF7E40E-55CC-4EF7-A789-58B210B8594B}.Release|Any CPU.Build.0 = Release|Any CPU
		{AF5BB5DB-E339-4558-B3BB-0AB840BF4FD6}.Debug|Any CPU.ActiveCfg = Debug|Any CPU
		{AF5BB5DB-E339-4558-B3BB-0AB840BF4FD6}.Debug|Any CPU.Build.0 = Debug|Any CPU
		{AF5BB5DB-E339-4558-B3BB-0AB840BF4FD6}.Release|Any CPU.ActiveCfg = Release|Any CPU
		{AF5BB5DB-E339-4558-B3BB-0AB840BF4FD6}.Release|Any CPU.Build.0 = Release|Any CPU
		{8CD24137-D813-4123-A9F3-78CD405C964C}.Debug|Any CPU.ActiveCfg = Debug|Any CPU
		{8CD24137-D813-4123-A9F3-78CD405C964C}.Debug|Any CPU.Build.0 = Debug|Any CPU
		{8CD24137-D813-4123-A9F3-78CD405C964C}.Release|Any CPU.ActiveCfg = Release|Any CPU
		{8CD24137-D813-4123-A9F3-78CD405C964C}.Release|Any CPU.Build.0 = Release|Any CPU
		{31365F24-FCEC-4D2E-8DF1-E2DF9A8AE413}.Debug|Any CPU.ActiveCfg = Debug|Any CPU
		{31365F24-FCEC-4D2E-8DF1-E2DF9A8AE413}.Debug|Any CPU.Build.0 = Debug|Any CPU
		{31365F24-FCEC-4D2E-8DF1-E2DF9A8AE413}.Release|Any CPU.ActiveCfg = Release|Any CPU
		{31365F24-FCEC-4D2E-8DF1-E2DF9A8AE413}.Release|Any CPU.Build.0 = Release|Any CPU
		{8C39AF4C-AB84-427D-9E75-332E114EB480}.Debug|Any CPU.ActiveCfg = Debug|Any CPU
		{8C39AF4C-AB84-427D-9E75-332E114EB480}.Debug|Any CPU.Build.0 = Debug|Any CPU
		{8C39AF4C-AB84-427D-9E75-332E114EB480}.Release|Any CPU.ActiveCfg = Release|Any CPU
		{8C39AF4C-AB84-427D-9E75-332E114EB480}.Release|Any CPU.Build.0 = Release|Any CPU
		{F25DA2D8-CA92-4408-B124-2E5918D477FF}.Debug|Any CPU.ActiveCfg = Debug|Any CPU
		{F25DA2D8-CA92-4408-B124-2E5918D477FF}.Debug|Any CPU.Build.0 = Debug|Any CPU
		{F25DA2D8-CA92-4408-B124-2E5918D477FF}.Release|Any CPU.ActiveCfg = Release|Any CPU
		{F25DA2D8-CA92-4408-B124-2E5918D477FF}.Release|Any CPU.Build.0 = Release|Any CPU
		{4058B328-E165-4E1C-A333-AF9806AB6B4D}.Debug|Any CPU.ActiveCfg = Debug|Any CPU
		{4058B328-E165-4E1C-A333-AF9806AB6B4D}.Debug|Any CPU.Build.0 = Debug|Any CPU
		{4058B328-E165-4E1C-A333-AF9806AB6B4D}.Release|Any CPU.ActiveCfg = Release|Any CPU
		{4058B328-E165-4E1C-A333-AF9806AB6B4D}.Release|Any CPU.Build.0 = Release|Any CPU
		{8CCC1433-D858-4D0B-BF36-58998174A094}.Debug|Any CPU.ActiveCfg = Debug|Any CPU
		{8CCC1433-D858-4D0B-BF36-58998174A094}.Debug|Any CPU.Build.0 = Debug|Any CPU
		{8CCC1433-D858-4D0B-BF36-58998174A094}.Release|Any CPU.ActiveCfg = Release|Any CPU
		{8CCC1433-D858-4D0B-BF36-58998174A094}.Release|Any CPU.Build.0 = Release|Any CPU
	EndGlobalSection
	GlobalSection(SolutionProperties) = preSolution
		HideSolutionNode = FALSE
	EndGlobalSection
	GlobalSection(ExtensibilityGlobals) = postSolution
		SolutionGuid = {5621D879-0C15-457F-9D43-3FD9AC294E04}
	EndGlobalSection
EndGlobal
